
Microsoft Visual Studio Solution File, Format Version 12.00
# Visual Studio Version 17
VisualStudioVersion = 17.7.34031.279
MinimumVisualStudioVersion = 10.0.40219.1
Project("{FAE04EC0-301F-11D3-BF4B-00C04F79EFBC}") = "Programa03_01", "Programa03_01\Programa03_01.csproj", "{7EDAD5B5-CA41-4CCE-B939-2C30B1A9546E}"
EndProject
Global
	GlobalSection(SolutionConfigurationPlatforms) = preSolution
		Debug|Any CPU = Debug|Any CPU
		Release|Any CPU = Release|Any CPU
	EndGlobalSection
	GlobalSection(ProjectConfigurationPlatforms) = postSolution
		{7EDAD5B5-CA41-4CCE-B939-2C30B1A9546E}.Debug|Any CPU.ActiveCfg = Debug|Any CPU
		{7EDAD5B5-CA41-4CCE-B939-2C30B1A9546E}.Debug|Any CPU.Build.0 = Debug|Any CPU
		{7EDAD5B5-CA41-4CCE-B939-2C30B1A9546E}.Release|Any CPU.ActiveCfg = Release|Any CPU
		{7EDAD5B5-CA41-4CCE-B939-2C30B1A9546E}.Release|Any CPU.Build.0 = Release|Any CPU
	EndGlobalSection
	GlobalSection(SolutionProperties) = preSolution
		HideSolutionNode = FALSE
	EndGlobalSection
	GlobalSection(ExtensibilityGlobals) = postSolution
		SolutionGuid = {4B073D60-8FDB-4CBC-AF1F-CE61BF44D94E}
	EndGlobalSection
EndGlobal
