
Microsoft Visual Studio Solution File, Format Version 12.00
# Visual Studio Version 17
VisualStudioVersion = 17.7.34031.279
MinimumVisualStudioVersion = 10.0.40219.1
Project("{FAE04EC0-301F-11D3-BF4B-00C04F79EFBC}") = "Programa05_05", "Programa05_05\Programa05_05.csproj", "{AAA4CBA7-5F76-45E1-ACBA-3E1CD5698772}"
EndProject
Global
	GlobalSection(SolutionConfigurationPlatforms) = preSolution
		Debug|Any CPU = Debug|Any CPU
		Release|Any CPU = Release|Any CPU
	EndGlobalSection
	GlobalSection(ProjectConfigurationPlatforms) = postSolution
		{AAA4CBA7-5F76-45E1-ACBA-3E1CD5698772}.Debug|Any CPU.ActiveCfg = Debug|Any CPU
		{AAA4CBA7-5F76-45E1-ACBA-3E1CD5698772}.Debug|Any CPU.Build.0 = Debug|Any CPU
		{AAA4CBA7-5F76-45E1-ACBA-3E1CD5698772}.Release|Any CPU.ActiveCfg = Release|Any CPU
		{AAA4CBA7-5F76-45E1-ACBA-3E1CD5698772}.Release|Any CPU.Build.0 = Release|Any CPU
	EndGlobalSection
	GlobalSection(SolutionProperties) = preSolution
		HideSolutionNode = FALSE
	EndGlobalSection
	GlobalSection(ExtensibilityGlobals) = postSolution
		SolutionGuid = {7D050FCC-B221-403C-AD15-ECCDD298ABD1}
	EndGlobalSection
EndGlobal
