
Microsoft Visual Studio Solution File, Format Version 12.00
# Visual Studio Version 17
VisualStudioVersion = 17.7.34031.279
MinimumVisualStudioVersion = 10.0.40219.1
Project("{FAE04EC0-301F-11D3-BF4B-00C04F79EFBC}") = "Programa06_01", "Programa06_01\Programa06_01.csproj", "{AC8245C2-0B40-48AE-AAAA-38BBE361CFCC}"
EndProject
Global
	GlobalSection(SolutionConfigurationPlatforms) = preSolution
		Debug|Any CPU = Debug|Any CPU
		Release|Any CPU = Release|Any CPU
	EndGlobalSection
	GlobalSection(ProjectConfigurationPlatforms) = postSolution
		{AC8245C2-0B40-48AE-AAAA-38BBE361CFCC}.Debug|Any CPU.ActiveCfg = Debug|Any CPU
		{AC8245C2-0B40-48AE-AAAA-38BBE361CFCC}.Debug|Any CPU.Build.0 = Debug|Any CPU
		{AC8245C2-0B40-48AE-AAAA-38BBE361CFCC}.Release|Any CPU.ActiveCfg = Release|Any CPU
		{AC8245C2-0B40-48AE-AAAA-38BBE361CFCC}.Release|Any CPU.Build.0 = Release|Any CPU
	EndGlobalSection
	GlobalSection(SolutionProperties) = preSolution
		HideSolutionNode = FALSE
	EndGlobalSection
	GlobalSection(ExtensibilityGlobals) = postSolution
		SolutionGuid = {07C6D09F-315F-4F5D-BF0A-D6D7128113DE}
	EndGlobalSection
EndGlobal
