
Microsoft Visual Studio Solution File, Format Version 12.00
# Visual Studio Version 17
VisualStudioVersion = 17.7.34031.279
MinimumVisualStudioVersion = 10.0.40219.1
Project("{9A19103F-16F7-4668-BE54-9A1E7A4F7556}") = "Principal", "Principal\Principal.csproj", "{73410AB0-D079-4CDF-BBCC-DB4567167B17}"
EndProject
Global
	GlobalSection(SolutionConfigurationPlatforms) = preSolution
		Debug|Any CPU = Debug|Any CPU
		Release|Any CPU = Release|Any CPU
	EndGlobalSection
	GlobalSection(ProjectConfigurationPlatforms) = postSolution
		{73410AB0-D079-4CDF-BBCC-DB4567167B17}.Debug|Any CPU.ActiveCfg = Debug|Any CPU
		{73410AB0-D079-4CDF-BBCC-DB4567167B17}.Debug|Any CPU.Build.0 = Debug|Any CPU
		{73410AB0-D079-4CDF-BBCC-DB4567167B17}.Release|Any CPU.ActiveCfg = Release|Any CPU
		{73410AB0-D079-4CDF-BBCC-DB4567167B17}.Release|Any CPU.Build.0 = Release|Any CPU
	EndGlobalSection
	GlobalSection(SolutionProperties) = preSolution
		HideSolutionNode = FALSE
	EndGlobalSection
	GlobalSection(ExtensibilityGlobals) = postSolution
		SolutionGuid = {8ECDC996-260A-4202-9F98-8FB16EB5D842}
	EndGlobalSection
EndGlobal
